
Microsoft Visual Studio Solution File, Format Version 12.00
# Visual Studio Version 17
VisualStudioVersion = 17.1.32210.238
MinimumVisualStudioVersion = 10.0.40219.1
Project("{8BC9CEB8-8B4A-11D0-8D11-00A0C91BC942}") = "OOP15_HomeWork", "OOP15_HomeWork\OOP15_HomeWork.vcxproj", "{21B5780A-4365-4141-A1A5-CAC9EC68550A}"
EndProject
Global
	GlobalSection(SolutionConfigurationPlatforms) = preSolution
		Debug|x64 = Debug|x64
		Debug|x86 = Debug|x86
		Release|x64 = Release|x64
		Release|x86 = Release|x86
	EndGlobalSection
	GlobalSection(ProjectConfigurationPlatforms) = postSolution
		{21B5780A-4365-4141-A1A5-CAC9EC68550A}.Debug|x64.ActiveCfg = Debug|x64
		{21B5780A-4365-4141-A1A5-CAC9EC68550A}.Debug|x64.Build.0 = Debug|x64
		{21B5780A-4365-4141-A1A5-CAC9EC68550A}.Debug|x86.ActiveCfg = Debug|Win32
		{21B5780A-4365-4141-A1A5-CAC9EC68550A}.Debug|x86.Build.0 = Debug|Win32
		{21B5780A-4365-4141-A1A5-CAC9EC68550A}.Release|x64.ActiveCfg = Release|x64
		{21B5780A-4365-4141-A1A5-CAC9EC68550A}.Release|x64.Build.0 = Release|x64
		{21B5780A-4365-4141-A1A5-CAC9EC68550A}.Release|x86.ActiveCfg = Release|Win32
		{21B5780A-4365-4141-A1A5-CAC9EC68550A}.Release|x86.Build.0 = Release|Win32
	EndGlobalSection
	GlobalSection(SolutionProperties) = preSolution
		HideSolutionNode = FALSE
	EndGlobalSection
	GlobalSection(ExtensibilityGlobals) = postSolution
		SolutionGuid = {85CA76D8-39A3-4EF2-8BBE-FAA35C173849}
	EndGlobalSection
EndGlobal
